{
  "object": {
    "pins": [
      {
        "package": "CountryCode",
        "repositoryURL": "https://github.com/MasterBel2/CountryCode",
        "state": {
          "branch": "master",
          "revision": "432180c3c33c8ef7effe359d47436763452c1399",
          "version": null
        }
      },
      {
        "package": "ServerAddress",
        "repositoryURL": "https://github.com/MasterBel2/ServerAddress",
        "state": {
          "branch": "master",
          "revision": "9289307e9d3c50f9f6333fe9c5336df8775f2532",
          "version": null
        }
      }
    ]
  },
  "version": 1
}
